
Microsoft Visual Studio Solution File, Format Version 12.00
# Visual Studio Version 17
VisualStudioVersion = 17.0.31903.59
MinimumVisualStudioVersion = 10.0.40219.1
Project("{FAE04EC0-301F-11D3-BF4B-00C04F79EFBC}") = "Nemonuri.ManagedPointers.Common.Tests", "Nemonuri.ManagedPointers.Common.Tests\Nemonuri.ManagedPointers.Common.Tests.csproj", "{4DA824CE-A6A2-4F8D-A0A2-F2F4A66F6F0C}"
EndProject
Project("{FAE04EC0-301F-11D3-BF4B-00C04F79EFBC}") = "Nemonuri.ManagedPointers.Common", "..\src\Nemonuri.ManagedPointers.Common\Nemonuri.ManagedPointers.Common.csproj", "{58FB7E8B-9525-472B-8256-34008EFCB20B}"
EndProject
Global
	GlobalSection(SolutionConfigurationPlatforms) = preSolution
		Debug|Any CPU = Debug|Any CPU
		Release|Any CPU = Release|Any CPU
	EndGlobalSection
	GlobalSection(SolutionProperties) = preSolution
		HideSolutionNode = FALSE
	EndGlobalSection
	GlobalSection(ProjectConfigurationPlatforms) = postSolution
		{4DA824CE-A6A2-4F8D-A0A2-F2F4A66F6F0C}.Debug|Any CPU.ActiveCfg = Debug|Any CPU
		{4DA824CE-A6A2-4F8D-A0A2-F2F4A66F6F0C}.Debug|Any CPU.Build.0 = Debug|Any CPU
		{4DA824CE-A6A2-4F8D-A0A2-F2F4A66F6F0C}.Release|Any CPU.ActiveCfg = Release|Any CPU
		{4DA824CE-A6A2-4F8D-A0A2-F2F4A66F6F0C}.Release|Any CPU.Build.0 = Release|Any CPU
		{58FB7E8B-9525-472B-8256-34008EFCB20B}.Debug|Any CPU.ActiveCfg = Debug|Any CPU
		{58FB7E8B-9525-472B-8256-34008EFCB20B}.Debug|Any CPU.Build.0 = Debug|Any CPU
		{58FB7E8B-9525-472B-8256-34008EFCB20B}.Release|Any CPU.ActiveCfg = Release|Any CPU
		{58FB7E8B-9525-472B-8256-34008EFCB20B}.Release|Any CPU.Build.0 = Release|Any CPU
	EndGlobalSection
EndGlobal
